
Microsoft Visual Studio Solution File, Format Version 12.00
# Visual Studio Version 16
VisualStudioVersion = 16.0.30011.22
MinimumVisualStudioVersion = 10.0.40219.1
Project("{FAE04EC0-301F-11D3-BF4B-00C04F79EFBC}") = "Primatives", "Primatives\Primatives.csproj", "{ADF66266-1F62-4AEB-998F-379295747562}"
EndProject
Global
	GlobalSection(SolutionConfigurationPlatforms) = preSolution
		Debug|Any CPU = Debug|Any CPU
		Release|Any CPU = Release|Any CPU
	EndGlobalSection
	GlobalSection(ProjectConfigurationPlatforms) = postSolution
		{ADF66266-1F62-4AEB-998F-379295747562}.Debug|Any CPU.ActiveCfg = Debug|Any CPU
		{ADF66266-1F62-4AEB-998F-379295747562}.Debug|Any CPU.Build.0 = Debug|Any CPU
		{ADF66266-1F62-4AEB-998F-379295747562}.Release|Any CPU.ActiveCfg = Release|Any CPU
		{ADF66266-1F62-4AEB-998F-379295747562}.Release|Any CPU.Build.0 = Release|Any CPU
	EndGlobalSection
	GlobalSection(SolutionProperties) = preSolution
		HideSolutionNode = FALSE
	EndGlobalSection
	GlobalSection(ExtensibilityGlobals) = postSolution
		SolutionGuid = {AE34369E-C541-418F-AD40-498D5D4DAD59}
	EndGlobalSection
EndGlobal
